
Microsoft Visual Studio Solution File, Format Version 11.00
# Visual Studio 2010
Project("{FAE04EC0-301F-11D3-BF4B-00C04F79EFBC}") = "QCPolicy", "QCPolicy\QCPolicy.csproj", "{041215A5-1AA6-4722-8E1F-4C222D9E80C1}"
EndProject
Project("{FAE04EC0-301F-11D3-BF4B-00C04F79EFBC}") = "PolicySample", "PolicySample\PolicySample.csproj", "{1A471D74-DAA6-498C-84D4-88AB39CE497D}"
EndProject
Global
	GlobalSection(SolutionConfigurationPlatforms) = preSolution
		Debug|Any CPU = Debug|Any CPU
		Release|Any CPU = Release|Any CPU
	EndGlobalSection
	GlobalSection(ProjectConfigurationPlatforms) = postSolution
		{041215A5-1AA6-4722-8E1F-4C222D9E80C1}.Debug|Any CPU.ActiveCfg = Debug|Any CPU
		{041215A5-1AA6-4722-8E1F-4C222D9E80C1}.Debug|Any CPU.Build.0 = Debug|Any CPU
		{041215A5-1AA6-4722-8E1F-4C222D9E80C1}.Release|Any CPU.ActiveCfg = Release|Any CPU
		{041215A5-1AA6-4722-8E1F-4C222D9E80C1}.Release|Any CPU.Build.0 = Release|Any CPU
		{1A471D74-DAA6-498C-84D4-88AB39CE497D}.Debug|Any CPU.ActiveCfg = Debug|Any CPU
		{1A471D74-DAA6-498C-84D4-88AB39CE497D}.Debug|Any CPU.Build.0 = Debug|Any CPU
		{1A471D74-DAA6-498C-84D4-88AB39CE497D}.Release|Any CPU.ActiveCfg = Release|Any CPU
		{1A471D74-DAA6-498C-84D4-88AB39CE497D}.Release|Any CPU.Build.0 = Release|Any CPU
	EndGlobalSection
	GlobalSection(SolutionProperties) = preSolution
		HideSolutionNode = FALSE
	EndGlobalSection
EndGlobal
