
Microsoft Visual Studio Solution File, Format Version 11.00
# Visual Studio 2010
Project("{FAE04EC0-301F-11D3-BF4B-00C04F79EFBC}") = "SampleInterop", "SampleInterop\SampleInterop.csproj", "{714E4A2F-7EBF-4393-A789-97EA7C312A21}"
EndProject
Project("{FAE04EC0-301F-11D3-BF4B-00C04F79EFBC}") = "Workflow35", "Workflow35\Workflow35.csproj", "{36A93BBA-E2AB-4AA0-A254-151D16BE486E}"
EndProject
Global
	GlobalSection(SolutionConfigurationPlatforms) = preSolution
		Debug|Any CPU = Debug|Any CPU
		Release|Any CPU = Release|Any CPU
	EndGlobalSection
	GlobalSection(ProjectConfigurationPlatforms) = postSolution
		{714E4A2F-7EBF-4393-A789-97EA7C312A21}.Debug|Any CPU.ActiveCfg = Debug|Any CPU
		{714E4A2F-7EBF-4393-A789-97EA7C312A21}.Debug|Any CPU.Build.0 = Debug|Any CPU
		{714E4A2F-7EBF-4393-A789-97EA7C312A21}.Release|Any CPU.ActiveCfg = Release|Any CPU
		{714E4A2F-7EBF-4393-A789-97EA7C312A21}.Release|Any CPU.Build.0 = Release|Any CPU
		{36A93BBA-E2AB-4AA0-A254-151D16BE486E}.Debug|Any CPU.ActiveCfg = Debug|Any CPU
		{36A93BBA-E2AB-4AA0-A254-151D16BE486E}.Debug|Any CPU.Build.0 = Debug|Any CPU
		{36A93BBA-E2AB-4AA0-A254-151D16BE486E}.Release|Any CPU.ActiveCfg = Release|Any CPU
		{36A93BBA-E2AB-4AA0-A254-151D16BE486E}.Release|Any CPU.Build.0 = Release|Any CPU
	EndGlobalSection
	GlobalSection(SolutionProperties) = preSolution
		HideSolutionNode = FALSE
	EndGlobalSection
EndGlobal
